
Microsoft Visual Studio Solution File, Format Version 12.00
# Visual Studio Version 16
VisualStudioVersion = 16.0.32126.315
MinimumVisualStudioVersion = 10.0.40219.1
Project("{FAE04EC0-301F-11D3-BF4B-00C04F79EFBC}") = "NetCoreCefSharpLab", "NetCoreCefSharpLab\NetCoreCefSharpLab.csproj", "{DD6B1132-1313-4B69-9690-D42833118DCD}"
EndProject
Global
	GlobalSection(SolutionConfigurationPlatforms) = preSolution
		Debug|Any CPU = Debug|Any CPU
		Release|Any CPU = Release|Any CPU
	EndGlobalSection
	GlobalSection(ProjectConfigurationPlatforms) = postSolution
		{DD6B1132-1313-4B69-9690-D42833118DCD}.Debug|Any CPU.ActiveCfg = Debug|Any CPU
		{DD6B1132-1313-4B69-9690-D42833118DCD}.Debug|Any CPU.Build.0 = Debug|Any CPU
		{DD6B1132-1313-4B69-9690-D42833118DCD}.Release|Any CPU.ActiveCfg = Release|Any CPU
		{DD6B1132-1313-4B69-9690-D42833118DCD}.Release|Any CPU.Build.0 = Release|Any CPU
	EndGlobalSection
	GlobalSection(SolutionProperties) = preSolution
		HideSolutionNode = FALSE
	EndGlobalSection
	GlobalSection(ExtensibilityGlobals) = postSolution
		SolutionGuid = {5E05352E-3E08-4ADE-892D-EB39FB6AD586}
	EndGlobalSection
EndGlobal
